
Microsoft Visual Studio Solution File, Format Version 12.00
# Visual Studio 2012
Project("{FAE04EC0-301F-11D3-BF4B-00C04F79EFBC}") = "ejercicio1", "ejercicio1\ejercicio1.csproj", "{359E1336-8C93-45C8-8A81-06B4C1DAA850}"
EndProject
Global
	GlobalSection(SolutionConfigurationPlatforms) = preSolution
		Debug|Any CPU = Debug|Any CPU
		Release|Any CPU = Release|Any CPU
	EndGlobalSection
	GlobalSection(ProjectConfigurationPlatforms) = postSolution
		{359E1336-8C93-45C8-8A81-06B4C1DAA850}.Debug|Any CPU.ActiveCfg = Debug|Any CPU
		{359E1336-8C93-45C8-8A81-06B4C1DAA850}.Debug|Any CPU.Build.0 = Debug|Any CPU
		{359E1336-8C93-45C8-8A81-06B4C1DAA850}.Release|Any CPU.ActiveCfg = Release|Any CPU
		{359E1336-8C93-45C8-8A81-06B4C1DAA850}.Release|Any CPU.Build.0 = Release|Any CPU
	EndGlobalSection
	GlobalSection(SolutionProperties) = preSolution
		HideSolutionNode = FALSE
	EndGlobalSection
EndGlobal
